
Microsoft Visual Studio Solution File, Format Version 12.00
# Visual Studio Version 17
VisualStudioVersion = 17.11.35222.181
MinimumVisualStudioVersion = 10.0.40219.1
Project("{FAE04EC0-301F-11D3-BF4B-00C04F79EFBC}") = "DEMO2025_Shed", "DEMO2025_Shed\DEMO2025_Shed.csproj", "{35C74A46-85B4-4977-9EF4-1AE5F359950B}"
EndProject
Global
	GlobalSection(SolutionConfigurationPlatforms) = preSolution
		Debug|Any CPU = Debug|Any CPU
		Release|Any CPU = Release|Any CPU
	EndGlobalSection
	GlobalSection(ProjectConfigurationPlatforms) = postSolution
		{35C74A46-85B4-4977-9EF4-1AE5F359950B}.Debug|Any CPU.ActiveCfg = Debug|Any CPU
		{35C74A46-85B4-4977-9EF4-1AE5F359950B}.Debug|Any CPU.Build.0 = Debug|Any CPU
		{35C74A46-85B4-4977-9EF4-1AE5F359950B}.Release|Any CPU.ActiveCfg = Release|Any CPU
		{35C74A46-85B4-4977-9EF4-1AE5F359950B}.Release|Any CPU.Build.0 = Release|Any CPU
	EndGlobalSection
	GlobalSection(SolutionProperties) = preSolution
		HideSolutionNode = FALSE
	EndGlobalSection
	GlobalSection(ExtensibilityGlobals) = postSolution
		SolutionGuid = {2EE9F49A-EF8F-45D8-B87E-5F2ECCBA9167}
	EndGlobalSection
EndGlobal
